
Microsoft Visual Studio Solution File, Format Version 12.00
# Visual Studio Version 16
VisualStudioVersion = 16.0.30002.166
MinimumVisualStudioVersion = 10.0.40219.1
Project("{9A19103F-16F7-4668-BE54-9A1E7A4F7556}") = "Translit.Core", "Translit.Core\Translit.Core.csproj", "{B8ED7618-A412-452A-99FD-3A1B484EB320}"
EndProject
Project("{9A19103F-16F7-4668-BE54-9A1E7A4F7556}") = "Translit.Tests", "Translit.Tests\Translit.Tests.csproj", "{88946952-418A-4726-ABDC-6C66A7067D4D}"
EndProject
Global
	GlobalSection(SolutionConfigurationPlatforms) = preSolution
		Debug|Any CPU = Debug|Any CPU
		Release|Any CPU = Release|Any CPU
	EndGlobalSection
	GlobalSection(ProjectConfigurationPlatforms) = postSolution
		{B8ED7618-A412-452A-99FD-3A1B484EB320}.Debug|Any CPU.ActiveCfg = Debug|Any CPU
		{B8ED7618-A412-452A-99FD-3A1B484EB320}.Debug|Any CPU.Build.0 = Debug|Any CPU
		{B8ED7618-A412-452A-99FD-3A1B484EB320}.Release|Any CPU.ActiveCfg = Release|Any CPU
		{B8ED7618-A412-452A-99FD-3A1B484EB320}.Release|Any CPU.Build.0 = Release|Any CPU
		{88946952-418A-4726-ABDC-6C66A7067D4D}.Debug|Any CPU.ActiveCfg = Debug|Any CPU
		{88946952-418A-4726-ABDC-6C66A7067D4D}.Debug|Any CPU.Build.0 = Debug|Any CPU
		{88946952-418A-4726-ABDC-6C66A7067D4D}.Release|Any CPU.ActiveCfg = Release|Any CPU
		{88946952-418A-4726-ABDC-6C66A7067D4D}.Release|Any CPU.Build.0 = Release|Any CPU
	EndGlobalSection
	GlobalSection(SolutionProperties) = preSolution
		HideSolutionNode = FALSE
	EndGlobalSection
	GlobalSection(ExtensibilityGlobals) = postSolution
		SolutionGuid = {E6E46E16-CEC5-4485-BD71-D10F980AA13B}
	EndGlobalSection
EndGlobal
